
Microsoft Visual Studio Solution File, Format Version 12.00
# Visual Studio Version 16
VisualStudioVersion = 16.0.30011.22
MinimumVisualStudioVersion = 10.0.40219.1
Project("{FAE04EC0-301F-11D3-BF4B-00C04F79EFBC}") = "Railway express", "Railway express\Railway express.csproj", "{9BC484F0-0C3F-4206-98B0-71C0442DDD6A}"
EndProject
Global
	GlobalSection(SolutionConfigurationPlatforms) = preSolution
		Debug|Any CPU = Debug|Any CPU
		Release|Any CPU = Release|Any CPU
	EndGlobalSection
	GlobalSection(ProjectConfigurationPlatforms) = postSolution
		{9BC484F0-0C3F-4206-98B0-71C0442DDD6A}.Debug|Any CPU.ActiveCfg = Debug|Any CPU
		{9BC484F0-0C3F-4206-98B0-71C0442DDD6A}.Debug|Any CPU.Build.0 = Debug|Any CPU
		{9BC484F0-0C3F-4206-98B0-71C0442DDD6A}.Release|Any CPU.ActiveCfg = Release|Any CPU
		{9BC484F0-0C3F-4206-98B0-71C0442DDD6A}.Release|Any CPU.Build.0 = Release|Any CPU
	EndGlobalSection
	GlobalSection(SolutionProperties) = preSolution
		HideSolutionNode = FALSE
	EndGlobalSection
	GlobalSection(ExtensibilityGlobals) = postSolution
		SolutionGuid = {CE0F3976-CD0A-4993-9484-89B84B7D41B9}
	EndGlobalSection
EndGlobal
